<?xml version="1.0" encoding="utf-8"?>
<Project ToolsVersion="4.0" xmlns="http://schemas.microsoft.com/developer/msbuild/2003">
  <ItemGroup>
    <Filter Include="Source Files">
      <UniqueIdentifier>{4FC737F1-C7A5-4376-A066-2A32D752A2FF}</UniqueIdentifier>
      <Extensions>cpp;c;cc;cxx;c++;cppm;ixx;def;odl;idl;hpj;bat;asm;asmx</Extensions>
    </Filter>
    <Filter Include="Header Files">
      <UniqueIdentifier>{93995380-89BD-4b04-88EB-625FBE52EBFB}</UniqueIdentifier>
      <Extensions>h;hh;hpp;hxx;h++;hm;inl;inc;ipp;xsd</Extensions>
    </Filter>
    <Filter Include="Resource Files">
      <UniqueIdentifier>{67DA6AB6-F800-4c08-8B7A-83BB121AAD01}</UniqueIdentifier>
      <Extensions>rc;ico;cur;bmp;dlg;rc2;rct;bin;rgs;gif;jpg;jpeg;jpe;resx;tiff;tif;png;wav;mfcribbon-ms</Extensions>
    </Filter>
    <Filter Include="3rdParty">
      <UniqueIdentifier>{5629c161-7273-4633-81c1-480686324ad4}</UniqueIdentifier>
    </Filter>
    <Filter Include="Includes">
      <UniqueIdentifier>{4529846d-8c7a-43d6-b9d0-9dfedd5e6b04}</UniqueIdentifier>
    </Filter>
  </ItemGroup>
  <ItemGroup>
    <ClCompile Include="dllmain.cpp">
      <Filter>Source Files</Filter>
    </ClCompile>
    <ClCompile Include="ResourceCompiler.cpp">
      <Filter>Source Files</Filter>
    </ClCompile>
    <ClCompile Include="ResourceCompilerModuleApi.cpp">
      <Filter>Source Files</Filter>
    </ClCompile>
    <ClCompile Include="World.cpp">
      <Filter>Source Files</Filter>
    </ClCompile>
    <ClCompile Include="FbxLoader.cpp">
      <Filter>Source Files</Filter>
    </ClCompile>
    <ClCompile Include="BinaryFileLoader.cpp">
      <Filter>Source Files</Filter>
    </ClCompile>
    <ClCompile Include="Utils.cpp">
      <Filter>Source Files</Filter>
    </ClCompile>
    <ClCompile Include="TextureLoader.cpp">
      <Filter>Source Files</Filter>
    </ClCompile>
    <ClCompile Include="GuidComparator.cpp">
      <Filter>Source Files</Filter>
    </ClCompile>
    <ClCompile Include="Meshes.cpp">
      <Filter>Source Files</Filter>
    </ClCompile>
    <ClCompile Include="Textures.cpp">
      <Filter>Source Files</Filter>
    </ClCompile>
    <ClCompile Include="ResourceLoaderImpl.cpp">
      <Filter>Source Files</Filter>
    </ClCompile>
    <ClCompile Include="ResourceCompilerTexturesImpl.cpp">
      <Filter>Source Files</Filter>
    </ClCompile>
    <ClCompile Include="ResourceCompilerTileImpl.cpp">
      <Filter>Source Files</Filter>
    </ClCompile>
    <ClCompile Include="ResourceCompilerMeshesImpl.h">
      <Filter>Source Files</Filter>
    </ClCompile>
    <ClCompile Include="ResourceCompilerMeshesImpl.cpp">
      <Filter>Source Files</Filter>
    </ClCompile>
  </ItemGroup>
  <ItemGroup>
    <ClInclude Include="ResourceCompiler.h">
      <Filter>Source Files</Filter>
    </ClInclude>
    <ClInclude Include="3rdParty\json.hpp">
      <Filter>3rdParty</Filter>
    </ClInclude>
    <ClInclude Include="InternalStructs.h">
      <Filter>Header Files</Filter>
    </ClInclude>
    <ClInclude Include="World.h">
      <Filter>Source Files</Filter>
    </ClInclude>
    <ClInclude Include="ResourceHeaders.h">
      <Filter>Header Files</Filter>
    </ClInclude>
    <ClInclude Include="FbxLoader.h">
      <Filter>Source Files</Filter>
    </ClInclude>
    <ClInclude Include="BinaryFileLoader.h">
      <Filter>Source Files</Filter>
    </ClInclude>
    <ClInclude Include="Utils.h">
      <Filter>Source Files</Filter>
    </ClInclude>
    <ClInclude Include="TextureLoader.h">
      <Filter>Source Files</Filter>
    </ClInclude>
    <ClInclude Include="GuidComparator.h">
      <Filter>Source Files</Filter>
    </ClInclude>
    <ClInclude Include="Meshes.h">
      <Filter>Source Files</Filter>
    </ClInclude>
    <ClInclude Include="Textures.h">
      <Filter>Source Files</Filter>
    </ClInclude>
    <ClInclude Include="ResourceLoaderImpl.h">
      <Filter>Source Files</Filter>
    </ClInclude>
    <ClInclude Include="ResourceCompilerTexturesImpl.h">
      <Filter>Source Files</Filter>
    </ClInclude>
    <ClInclude Include="ResourceCompilerTileImpl.h">
      <Filter>Source Files</Filter>
    </ClInclude>
    <ClInclude Include="ResourceLoader.h">
      <Filter>Includes</Filter>
    </ClInclude>
    <ClInclude Include="ResourceCompilerMeshes.h">
      <Filter>Includes</Filter>
    </ClInclude>
    <ClInclude Include="ResourceCompilerModuleApi.h">
      <Filter>Includes</Filter>
    </ClInclude>
    <ClInclude Include="ResourceCompilerTile.h">
      <Filter>Includes</Filter>
    </ClInclude>
    <ClInclude Include="ResourceCompilerTextures.h">
      <Filter>Includes</Filter>
    </ClInclude>
  </ItemGroup>
</Project>