<?xml version="1.0" encoding="utf-8"?>
<Project ToolsVersion="4.0" xmlns="http://schemas.microsoft.com/developer/msbuild/2003">
  <ItemGroup>
    <Filter Include="Source Files">
      <UniqueIdentifier>{4FC737F1-C7A5-4376-A066-2A32D752A2FF}</UniqueIdentifier>
      <Extensions>cpp;c;cc;cxx;c++;cppm;ixx;def;odl;idl;hpj;bat;asm;asmx</Extensions>
    </Filter>
    <Filter Include="Header Files">
      <UniqueIdentifier>{93995380-89BD-4b04-88EB-625FBE52EBFB}</UniqueIdentifier>
      <Extensions>h;hh;hpp;hxx;h++;hm;inl;inc;ipp;xsd</Extensions>
    </Filter>
    <Filter Include="RenderPasses">
      <UniqueIdentifier>{d10527d3-b97d-450b-8126-6050460a9533}</UniqueIdentifier>
    </Filter>
    <Filter Include="ShaderSource">
      <UniqueIdentifier>{1e08837f-14d6-4328-a219-a0ac10131e9f}</UniqueIdentifier>
    </Filter>
    <Filter Include="Pipelines">
      <UniqueIdentifier>{0aab36f6-a5b6-47fb-9a12-b9425a6b72a5}</UniqueIdentifier>
    </Filter>
    <Filter Include="3rdParty">
      <UniqueIdentifier>{f81bdcd3-8154-4ae5-933e-018028594d8c}</UniqueIdentifier>
    </Filter>
    <Filter Include="Lights">
      <UniqueIdentifier>{89d686de-ee0b-40f0-8a23-96827c9fe80d}</UniqueIdentifier>
    </Filter>
    <Filter Include="Extensions">
      <UniqueIdentifier>{f96b0f69-4816-4ca6-89fd-d419a9c78e3e}</UniqueIdentifier>
    </Filter>
    <Filter Include="World">
      <UniqueIdentifier>{4a11abde-b8c4-4bfe-9a78-63b52c7f4c3f}</UniqueIdentifier>
    </Filter>
  </ItemGroup>
  <ItemGroup>
    <ClCompile Include="dllmain.cpp">
      <Filter>Source Files</Filter>
    </ClCompile>
    <ClCompile Include="Renderer.cpp">
      <Filter>Source Files</Filter>
    </ClCompile>
    <ClCompile Include="GraphicsContext.cpp">
      <Filter>Source Files</Filter>
    </ClCompile>
    <ClCompile Include="RenderToyApi.cpp">
      <Filter>Source Files</Filter>
    </ClCompile>
    <ClCompile Include="CommandBuilder.cpp">
      <Filter>Source Files</Filter>
    </ClCompile>
    <ClCompile Include="CommandQueue.cpp">
      <Filter>Source Files</Filter>
    </ClCompile>
    <ClCompile Include="FbxLoader.cpp">
      <Filter>Source Files</Filter>
    </ClCompile>
    <ClCompile Include="StaticMesh.cpp">
      <Filter>Source Files</Filter>
    </ClCompile>
    <ClCompile Include="GeometryPass.cpp">
      <Filter>RenderPasses</Filter>
    </ClCompile>
    <ClCompile Include="EarlyZPass.cpp">
      <Filter>RenderPasses</Filter>
    </ClCompile>
    <ClCompile Include="RenderPassBase.cpp">
      <Filter>RenderPasses</Filter>
    </ClCompile>
    <ClCompile Include="GraphicsPipelineState.cpp">
      <Filter>Source Files</Filter>
    </ClCompile>
    <ClCompile Include="ShaderType.cpp">
      <Filter>Source Files</Filter>
    </ClCompile>
    <ClCompile Include="World.cpp">
      <Filter>Source Files</Filter>
    </ClCompile>
    <ClCompile Include="D3DResource.cpp">
      <Filter>Source Files</Filter>
    </ClCompile>
    <ClCompile Include="ShaderManager.cpp">
      <Filter>Source Files</Filter>
    </ClCompile>
    <ClCompile Include="Utils.cpp">
      <Filter>Source Files</Filter>
    </ClCompile>
    <ClCompile Include="DescriptorHeapManager.cpp">
      <Filter>Source Files</Filter>
    </ClCompile>
    <ClCompile Include="GraphicsUtils.cpp">
      <Filter>Source Files</Filter>
    </ClCompile>
    <ClCompile Include="LightingPass.cpp">
      <Filter>RenderPasses</Filter>
    </ClCompile>
    <ClCompile Include="PassBase.cpp">
      <Filter>RenderPasses</Filter>
    </ClCompile>
    <ClCompile Include="PassFactory.cpp">
      <Filter>RenderPasses</Filter>
    </ClCompile>
    <ClCompile Include="GuidComparator.cpp">
      <Filter>Source Files</Filter>
    </ClCompile>
    <ClCompile Include="RenderGraph.cpp">
      <Filter>Pipelines</Filter>
    </ClCompile>
    <ClCompile Include="Pipeline.cpp">
      <Filter>Pipelines</Filter>
    </ClCompile>
    <ClCompile Include="D3DFence.cpp">
      <Filter>Source Files</Filter>
    </ClCompile>
    <ClCompile Include="Swapchain.cpp">
      <Filter>Source Files</Filter>
    </ClCompile>
    <ClCompile Include="Material.cpp">
      <Filter>Source Files</Filter>
    </ClCompile>
    <ClCompile Include="Lights\PointLight.cpp">
      <Filter>Lights</Filter>
    </ClCompile>
    <ClCompile Include="Texture.cpp">
      <Filter>Source Files</Filter>
    </ClCompile>
    <ClCompile Include="TextureManager.cpp">
      <Filter>Source Files</Filter>
    </ClCompile>
    <ClCompile Include="ResourceStreamer.cpp">
      <Filter>Source Files</Filter>
    </ClCompile>
    <ClCompile Include="CriticalSection.cpp">
      <Filter>Source Files</Filter>
    </ClCompile>
    <ClCompile Include="ShadowPass.cpp">
      <Filter>RenderPasses</Filter>
    </ClCompile>
    <ClCompile Include="TextureAtlas.cpp">
      <Filter>Source Files</Filter>
    </ClCompile>
    <ClCompile Include="Lights\LightFactory.cpp">
      <Filter>Lights</Filter>
    </ClCompile>
    <ClCompile Include="Lights\SpotLight.cpp">
      <Filter>Lights</Filter>
    </ClCompile>
    <ClCompile Include="UidGenerator.cpp">
      <Filter>Source Files</Filter>
    </ClCompile>
    <ClCompile Include="MeshFactory.cpp">
      <Filter>Source Files</Filter>
    </ClCompile>
    <ClCompile Include="LightShaftPrePass.cpp">
      <Filter>RenderPasses</Filter>
    </ClCompile>
    <ClCompile Include="LightFrustumDebugPass.cpp">
      <Filter>RenderPasses</Filter>
    </ClCompile>
    <ClCompile Include="LightShaftPass.cpp">
      <Filter>RenderPasses</Filter>
    </ClCompile>
    <ClCompile Include="FullscreenQuad.cpp">
      <Filter>Source Files</Filter>
    </ClCompile>
    <ClCompile Include="SilhouetteRenderPass.cpp">
      <Filter>RenderPasses</Filter>
    </ClCompile>
    <ClCompile Include="InputManager.cpp">
      <Filter>Source Files</Filter>
    </ClCompile>
    <ClCompile Include="WndProc.cpp">
      <Filter>Source Files</Filter>
    </ClCompile>
    <ClCompile Include="StreamingEngine.cpp">
      <Filter>Source Files</Filter>
    </ClCompile>
    <ClCompile Include="Lights\LightExtension.cpp">
      <Filter>Extensions</Filter>
    </ClCompile>
    <ClCompile Include="ObjectExtension.cpp">
      <Filter>Extensions</Filter>
    </ClCompile>
    <ClCompile Include="World2.cpp">
      <Filter>World</Filter>
    </ClCompile>
    <ClCompile Include="Tile.cpp">
      <Filter>World</Filter>
    </ClCompile>
    <ClCompile Include="StaticMesh2.cpp">
      <Filter>World</Filter>
    </ClCompile>
    <ClCompile Include="Texture2.cpp">
      <Filter>World</Filter>
    </ClCompile>
    <ClCompile Include="TextureManager2.cpp">
      <Filter>World</Filter>
    </ClCompile>
    <ClCompile Include="Material2.cpp">
      <Filter>World</Filter>
    </ClCompile>
    <ClCompile Include="MaterialManager.cpp">
      <Filter>World</Filter>
    </ClCompile>
    <ClCompile Include="ExtensionFactory.cpp">
      <Filter>Extensions</Filter>
    </ClCompile>
    <ClCompile Include="SceneObject.cpp">
      <Filter>World</Filter>
    </ClCompile>
    <ClCompile Include="SceneObjectComponent.cpp">
      <Filter>World</Filter>
    </ClCompile>
    <ClCompile Include="Camera.cpp">
      <Filter>World</Filter>
    </ClCompile>
    <ClCompile Include="InstancedStaticMesh.cpp">
      <Filter>World</Filter>
    </ClCompile>
    <ClCompile Include="IMesh.cpp">
      <Filter>World</Filter>
    </ClCompile>
    <ClCompile Include="PlayableCharacterObject.cpp">
      <Filter>World</Filter>
    </ClCompile>
    <ClCompile Include="NonPlayableCharacterObject.cpp">
      <Filter>World</Filter>
    </ClCompile>
    <ClCompile Include="StaticMeshComponent.cpp">
      <Filter>World</Filter>
    </ClCompile>
    <ClCompile Include="CameraArm.cpp">
      <Filter>World</Filter>
    </ClCompile>
    <ClCompile Include="SystemController.cpp">
      <Filter>Source Files</Filter>
    </ClCompile>
  </ItemGroup>
  <ItemGroup>
    <ClInclude Include="Renderer.h">
      <Filter>Source Files</Filter>
    </ClInclude>
    <ClInclude Include="GraphicsContext.h">
      <Filter>Source Files</Filter>
    </ClInclude>
    <ClInclude Include="RenderToyApi.h">
      <Filter>Header Files</Filter>
    </ClInclude>
    <ClInclude Include="Includes.h">
      <Filter>Header Files</Filter>
    </ClInclude>
    <ClInclude Include="CommandQueue.h">
      <Filter>Source Files</Filter>
    </ClInclude>
    <ClInclude Include="CommandBuilder.h">
      <Filter>Source Files</Filter>
    </ClInclude>
    <ClInclude Include="FbxLoader.h">
      <Filter>Source Files</Filter>
    </ClInclude>
    <ClInclude Include="StaticMesh.h">
      <Filter>Source Files</Filter>
    </ClInclude>
    <ClInclude Include="Vectors.h">
      <Filter>Header Files</Filter>
    </ClInclude>
    <ClInclude Include="GeometryPass.h">
      <Filter>RenderPasses</Filter>
    </ClInclude>
    <ClInclude Include="EarlyZPass.h">
      <Filter>RenderPasses</Filter>
    </ClInclude>
    <ClInclude Include="RenderPassBase.h">
      <Filter>RenderPasses</Filter>
    </ClInclude>
    <ClInclude Include="GraphicsPipelineState.h">
      <Filter>Source Files</Filter>
    </ClInclude>
    <ClInclude Include="ShaderType.h">
      <Filter>Header Files</Filter>
    </ClInclude>
    <ClInclude Include="d3dx12.h">
      <Filter>Header Files</Filter>
    </ClInclude>
    <ClInclude Include="World.h">
      <Filter>Source Files</Filter>
    </ClInclude>
    <ClInclude Include="D3DResource.h">
      <Filter>Source Files</Filter>
    </ClInclude>
    <ClInclude Include="MeshStructs.h">
      <Filter>Header Files</Filter>
    </ClInclude>
    <ClInclude Include="GlobalStructs.h">
      <Filter>Header Files</Filter>
    </ClInclude>
    <ClInclude Include="ConstantBuffer.h">
      <Filter>Source Files</Filter>
    </ClInclude>
    <ClInclude Include="ShaderManager.h">
      <Filter>Source Files</Filter>
    </ClInclude>
    <ClInclude Include="Utils.h">
      <Filter>Source Files</Filter>
    </ClInclude>
    <ClInclude Include="Macros.h">
      <Filter>Header Files</Filter>
    </ClInclude>
    <ClInclude Include="DescriptorHeapManager.h">
      <Filter>Source Files</Filter>
    </ClInclude>
    <ClInclude Include="GraphicsUtils.h">
      <Filter>Source Files</Filter>
    </ClInclude>
    <ClInclude Include="LightingPass.h">
      <Filter>RenderPasses</Filter>
    </ClInclude>
    <ClInclude Include="PassBase.h">
      <Filter>RenderPasses</Filter>
    </ClInclude>
    <ClInclude Include="PassFactory.h">
      <Filter>RenderPasses</Filter>
    </ClInclude>
    <ClInclude Include="PassDefines.h">
      <Filter>RenderPasses</Filter>
    </ClInclude>
    <ClInclude Include="GuidComparator.h">
      <Filter>Source Files</Filter>
    </ClInclude>
    <ClInclude Include="PassType.h">
      <Filter>RenderPasses</Filter>
    </ClInclude>
    <ClInclude Include="RenderGraph.h">
      <Filter>Pipelines</Filter>
    </ClInclude>
    <ClInclude Include="Pipeline.h">
      <Filter>Pipelines</Filter>
    </ClInclude>
    <ClInclude Include="D3DFence.h">
      <Filter>Source Files</Filter>
    </ClInclude>
    <ClInclude Include="3rdParty\json.hpp">
      <Filter>3rdParty</Filter>
    </ClInclude>
    <ClInclude Include="Swapchain.h">
      <Filter>Source Files</Filter>
    </ClInclude>
    <ClInclude Include="Material.h">
      <Filter>Source Files</Filter>
    </ClInclude>
    <ClInclude Include="Lights\PointLight.h">
      <Filter>Lights</Filter>
    </ClInclude>
    <ClInclude Include="Texture.h">
      <Filter>Source Files</Filter>
    </ClInclude>
    <ClInclude Include="TextureManager.h">
      <Filter>Source Files</Filter>
    </ClInclude>
    <ClInclude Include="ResourceStreamer.h">
      <Filter>Source Files</Filter>
    </ClInclude>
    <ClInclude Include="StreamInterface.h">
      <Filter>Source Files</Filter>
    </ClInclude>
    <ClInclude Include="CriticalSection.h">
      <Filter>Source Files</Filter>
    </ClInclude>
    <ClInclude Include="ShadowPass.h">
      <Filter>RenderPasses</Filter>
    </ClInclude>
    <ClInclude Include="LightStructs.h">
      <Filter>Header Files</Filter>
    </ClInclude>
    <ClInclude Include="TextureAtlas.h">
      <Filter>Source Files</Filter>
    </ClInclude>
    <ClInclude Include="Lights\LightFactory.h">
      <Filter>Lights</Filter>
    </ClInclude>
    <ClInclude Include="Lights\SpotLight.h">
      <Filter>Lights</Filter>
    </ClInclude>
    <ClInclude Include="UidGenerator.h">
      <Filter>Source Files</Filter>
    </ClInclude>
    <ClInclude Include="MeshFactory.h">
      <Filter>Source Files</Filter>
    </ClInclude>
    <ClInclude Include="LightShaftPrePass.h">
      <Filter>RenderPasses</Filter>
    </ClInclude>
    <ClInclude Include="LightFrustumDebugPass.h">
      <Filter>RenderPasses</Filter>
    </ClInclude>
    <ClInclude Include="LightShaftPass.h">
      <Filter>RenderPasses</Filter>
    </ClInclude>
    <ClInclude Include="FullscreenQuad.h">
      <Filter>Source Files</Filter>
    </ClInclude>
    <ClInclude Include="SilhouetteRenderPass.h">
      <Filter>RenderPasses</Filter>
    </ClInclude>
    <ClInclude Include="InputManager.h">
      <Filter>Source Files</Filter>
    </ClInclude>
    <ClInclude Include="WndProc.h">
      <Filter>Source Files</Filter>
    </ClInclude>
    <ClInclude Include="IControllable.h">
      <Filter>Source Files</Filter>
    </ClInclude>
    <ClInclude Include="..\Includes\ResourceCompilerModuleApi.h">
      <Filter>Header Files</Filter>
    </ClInclude>
    <ClInclude Include="..\Includes\ResourceStructs.h">
      <Filter>Header Files</Filter>
    </ClInclude>
    <ClInclude Include="StreamingEngine.h">
      <Filter>Source Files</Filter>
    </ClInclude>
    <ClInclude Include="ObjectExtension.h">
      <Filter>Extensions</Filter>
    </ClInclude>
    <ClInclude Include="Lights\LightExtension.h">
      <Filter>Extensions</Filter>
    </ClInclude>
    <ClInclude Include="IStreamable.h">
      <Filter>Source Files</Filter>
    </ClInclude>
    <ClInclude Include="World2.h">
      <Filter>World</Filter>
    </ClInclude>
    <ClInclude Include="Tile.h">
      <Filter>World</Filter>
    </ClInclude>
    <ClInclude Include="StaticMesh2.h">
      <Filter>World</Filter>
    </ClInclude>
    <ClInclude Include="TextureManager2.h">
      <Filter>World</Filter>
    </ClInclude>
    <ClInclude Include="Texture2.h">
      <Filter>World</Filter>
    </ClInclude>
    <ClInclude Include="MaterialManager.h">
      <Filter>World</Filter>
    </ClInclude>
    <ClInclude Include="Material2.h">
      <Filter>World</Filter>
    </ClInclude>
    <ClInclude Include="ExtensionFactory.h">
      <Filter>Extensions</Filter>
    </ClInclude>
    <ClInclude Include="SceneObject.h">
      <Filter>World</Filter>
    </ClInclude>
    <ClInclude Include="IDrawable.h">
      <Filter>World</Filter>
    </ClInclude>
    <ClInclude Include="SceneObjectComponent.h">
      <Filter>World</Filter>
    </ClInclude>
    <ClInclude Include="Camera.h">
      <Filter>World</Filter>
    </ClInclude>
    <ClInclude Include="InstancedStaticMesh.h">
      <Filter>World</Filter>
    </ClInclude>
    <ClInclude Include="IMesh.h">
      <Filter>World</Filter>
    </ClInclude>
    <ClInclude Include="PlayableCharacterObject.h">
      <Filter>World</Filter>
    </ClInclude>
    <ClInclude Include="NonPlayableCharacterObject.h">
      <Filter>World</Filter>
    </ClInclude>
    <ClInclude Include="StaticMeshComponent.h">
      <Filter>World</Filter>
    </ClInclude>
    <ClInclude Include="CameraArm.h">
      <Filter>World</Filter>
    </ClInclude>
    <ClInclude Include="SystemController.h">
      <Filter>Source Files</Filter>
    </ClInclude>
  </ItemGroup>
  <ItemGroup>
    <FxCompile Include="Shaders\EarlyZPass.hlsl">
      <Filter>ShaderSource</Filter>
    </FxCompile>
    <FxCompile Include="Shaders\GeometryPass.hlsl">
      <Filter>ShaderSource</Filter>
    </FxCompile>
    <FxCompile Include="Shaders\LightingPass.hlsl">
      <Filter>ShaderSource</Filter>
    </FxCompile>
    <FxCompile Include="Shaders\ShadowPass.hlsl">
      <Filter>ShaderSource</Filter>
    </FxCompile>
    <FxCompile Include="Shaders\LightShaftPrePass.hlsl">
      <Filter>ShaderSource</Filter>
    </FxCompile>
    <FxCompile Include="Shaders\LightShaftPass.hlsl">
      <Filter>ShaderSource</Filter>
    </FxCompile>
    <FxCompile Include="Shaders\SilhouetteRender.hlsl">
      <Filter>ShaderSource</Filter>
    </FxCompile>
  </ItemGroup>
  <ItemGroup>
    <None Include="Shaders\LightingHeader.hlsli">
      <Filter>ShaderSource</Filter>
    </None>
    <None Include="Shaders\GlobalHeader.hlsli">
      <Filter>ShaderSource</Filter>
    </None>
    <None Include="Shaders\MeshHeader.hlsli">
      <Filter>ShaderSource</Filter>
    </None>
    <None Include="packages.config" />
  </ItemGroup>
</Project>