<?xml version="1.0" encoding="utf-8"?>
<Project ToolsVersion="4.0" xmlns="http://schemas.microsoft.com/developer/msbuild/2003">
  <ItemGroup>
    <Filter Include="Source Files">
      <UniqueIdentifier>{4FC737F1-C7A5-4376-A066-2A32D752A2FF}</UniqueIdentifier>
      <Extensions>cpp;c;cc;cxx;c++;cppm;ixx;def;odl;idl;hpj;bat;asm;asmx</Extensions>
    </Filter>
    <Filter Include="Header Files">
      <UniqueIdentifier>{93995380-89BD-4b04-88EB-625FBE52EBFB}</UniqueIdentifier>
      <Extensions>h;hh;hpp;hxx;h++;hm;inl;inc;ipp;xsd</Extensions>
    </Filter>
    <Filter Include="RenderPasses">
      <UniqueIdentifier>{d10527d3-b97d-450b-8126-6050460a9533}</UniqueIdentifier>
    </Filter>
    <Filter Include="ShaderSource">
      <UniqueIdentifier>{1e08837f-14d6-4328-a219-a0ac10131e9f}</UniqueIdentifier>
    </Filter>
    <Filter Include="Pipelines">
      <UniqueIdentifier>{0aab36f6-a5b6-47fb-9a12-b9425a6b72a5}</UniqueIdentifier>
    </Filter>
  </ItemGroup>
  <ItemGroup>
    <ClCompile Include="dllmain.cpp">
      <Filter>Source Files</Filter>
    </ClCompile>
    <ClCompile Include="Renderer.cpp">
      <Filter>Source Files</Filter>
    </ClCompile>
    <ClCompile Include="GraphicsContext.cpp">
      <Filter>Source Files</Filter>
    </ClCompile>
    <ClCompile Include="RenderToyApi.cpp">
      <Filter>Source Files</Filter>
    </ClCompile>
    <ClCompile Include="CommandBuilder.cpp">
      <Filter>Source Files</Filter>
    </ClCompile>
    <ClCompile Include="CommandQueue.cpp">
      <Filter>Source Files</Filter>
    </ClCompile>
    <ClCompile Include="FbxLoader.cpp">
      <Filter>Source Files</Filter>
    </ClCompile>
    <ClCompile Include="StaticMesh.cpp">
      <Filter>Source Files</Filter>
    </ClCompile>
    <ClCompile Include="GeometryPass.cpp">
      <Filter>RenderPasses</Filter>
    </ClCompile>
    <ClCompile Include="EarlyZPass.cpp">
      <Filter>RenderPasses</Filter>
    </ClCompile>
    <ClCompile Include="RenderPassBase.cpp">
      <Filter>RenderPasses</Filter>
    </ClCompile>
    <ClCompile Include="GraphicsPipelineState.cpp">
      <Filter>Source Files</Filter>
    </ClCompile>
    <ClCompile Include="ShaderType.cpp">
      <Filter>Source Files</Filter>
    </ClCompile>
    <ClCompile Include="Camera.cpp">
      <Filter>Source Files</Filter>
    </ClCompile>
    <ClCompile Include="World.cpp">
      <Filter>Source Files</Filter>
    </ClCompile>
    <ClCompile Include="D3DResource.cpp">
      <Filter>Source Files</Filter>
    </ClCompile>
    <ClCompile Include="ShaderManager.cpp">
      <Filter>Source Files</Filter>
    </ClCompile>
    <ClCompile Include="Utils.cpp">
      <Filter>Source Files</Filter>
    </ClCompile>
    <ClCompile Include="DescriptorHeapManager.cpp">
      <Filter>Source Files</Filter>
    </ClCompile>
    <ClCompile Include="GraphicsUtils.cpp">
      <Filter>Source Files</Filter>
    </ClCompile>
    <ClCompile Include="LightingPass.cpp">
      <Filter>RenderPasses</Filter>
    </ClCompile>
    <ClCompile Include="PassBase.cpp">
      <Filter>RenderPasses</Filter>
    </ClCompile>
    <ClCompile Include="PassFactory.cpp">
      <Filter>RenderPasses</Filter>
    </ClCompile>
    <ClCompile Include="GuidComparator.cpp">
      <Filter>Source Files</Filter>
    </ClCompile>
    <ClCompile Include="RenderGraph.cpp">
      <Filter>Pipelines</Filter>
    </ClCompile>
    <ClCompile Include="Pipeline.cpp">
      <Filter>Pipelines</Filter>
    </ClCompile>
    <ClCompile Include="D3DFence.cpp">
      <Filter>Source Files</Filter>
    </ClCompile>
  </ItemGroup>
  <ItemGroup>
    <ClInclude Include="Renderer.h">
      <Filter>Source Files</Filter>
    </ClInclude>
    <ClInclude Include="GraphicsContext.h">
      <Filter>Source Files</Filter>
    </ClInclude>
    <ClInclude Include="RenderToyApi.h">
      <Filter>Header Files</Filter>
    </ClInclude>
    <ClInclude Include="Includes.h">
      <Filter>Header Files</Filter>
    </ClInclude>
    <ClInclude Include="CommandQueue.h">
      <Filter>Source Files</Filter>
    </ClInclude>
    <ClInclude Include="CommandBuilder.h">
      <Filter>Source Files</Filter>
    </ClInclude>
    <ClInclude Include="FbxLoader.h">
      <Filter>Source Files</Filter>
    </ClInclude>
    <ClInclude Include="StaticMesh.h">
      <Filter>Source Files</Filter>
    </ClInclude>
    <ClInclude Include="Vectors.h">
      <Filter>Header Files</Filter>
    </ClInclude>
    <ClInclude Include="GeometryPass.h">
      <Filter>RenderPasses</Filter>
    </ClInclude>
    <ClInclude Include="EarlyZPass.h">
      <Filter>RenderPasses</Filter>
    </ClInclude>
    <ClInclude Include="RenderPassBase.h">
      <Filter>RenderPasses</Filter>
    </ClInclude>
    <ClInclude Include="GraphicsPipelineState.h">
      <Filter>Source Files</Filter>
    </ClInclude>
    <ClInclude Include="ShaderType.h">
      <Filter>Header Files</Filter>
    </ClInclude>
    <ClInclude Include="d3dx12.h">
      <Filter>Header Files</Filter>
    </ClInclude>
    <ClInclude Include="Camera.h">
      <Filter>Source Files</Filter>
    </ClInclude>
    <ClInclude Include="World.h">
      <Filter>Source Files</Filter>
    </ClInclude>
    <ClInclude Include="D3DResource.h">
      <Filter>Source Files</Filter>
    </ClInclude>
    <ClInclude Include="MeshStructs.h">
      <Filter>Header Files</Filter>
    </ClInclude>
    <ClInclude Include="GlobalStructs.h">
      <Filter>Header Files</Filter>
    </ClInclude>
    <ClInclude Include="ConstantBuffer.h">
      <Filter>Source Files</Filter>
    </ClInclude>
    <ClInclude Include="ShaderManager.h">
      <Filter>Source Files</Filter>
    </ClInclude>
    <ClInclude Include="Utils.h">
      <Filter>Source Files</Filter>
    </ClInclude>
    <ClInclude Include="Macros.h">
      <Filter>Header Files</Filter>
    </ClInclude>
    <ClInclude Include="DescriptorHeapManager.h">
      <Filter>Source Files</Filter>
    </ClInclude>
    <ClInclude Include="GraphicsUtils.h">
      <Filter>Source Files</Filter>
    </ClInclude>
    <ClInclude Include="LightingPass.h">
      <Filter>RenderPasses</Filter>
    </ClInclude>
    <ClInclude Include="PassBase.h">
      <Filter>RenderPasses</Filter>
    </ClInclude>
    <ClInclude Include="PassFactory.h">
      <Filter>RenderPasses</Filter>
    </ClInclude>
    <ClInclude Include="PassDefines.h">
      <Filter>RenderPasses</Filter>
    </ClInclude>
    <ClInclude Include="GuidComparator.h">
      <Filter>Source Files</Filter>
    </ClInclude>
    <ClInclude Include="PassType.h">
      <Filter>RenderPasses</Filter>
    </ClInclude>
    <ClInclude Include="RenderGraph.h">
      <Filter>Pipelines</Filter>
    </ClInclude>
    <ClInclude Include="Pipeline.h">
      <Filter>Pipelines</Filter>
    </ClInclude>
    <ClInclude Include="D3DFence.h">
      <Filter>Source Files</Filter>
    </ClInclude>
  </ItemGroup>
  <ItemGroup>
    <FxCompile Include="Shaders\EarlyZPass.hlsl">
      <Filter>ShaderSource</Filter>
    </FxCompile>
    <FxCompile Include="Shaders\MeshVertex.hlsli">
      <Filter>ShaderSource</Filter>
    </FxCompile>
    <FxCompile Include="Shaders\GeometryPass.hlsl">
      <Filter>ShaderSource</Filter>
    </FxCompile>
    <FxCompile Include="Shaders\LightingPass.hlsl">
      <Filter>ShaderSource</Filter>
    </FxCompile>
  </ItemGroup>
</Project>