
Microsoft Visual Studio Solution File, Format Version 12.00
# Visual Studio Version 17
VisualStudioVersion = 17.12.35527.113
MinimumVisualStudioVersion = 10.0.40219.1
Project("{8BC9CEB8-8B4A-11D0-8D11-00A0C91BC942}") = "RenderToy", "RenderToy\RenderToy.vcxproj", "{E2FF92A8-E29E-44E8-8A4F-42A5ADDFC015}"
	ProjectSection(ProjectDependencies) = postProject
		{51CD842E-2AA2-427D-B61B-6850EDFC86C1} = {51CD842E-2AA2-427D-B61B-6850EDFC86C1}
	EndProjectSection
EndProject
Project("{8BC9CEB8-8B4A-11D0-8D11-00A0C91BC942}") = "StandaloneWindowApp", "StandaloneWindowApp\StandaloneWindowApp.vcxproj", "{BB512D32-6AB8-461A-8D3A-8798A21B3727}"
	ProjectSection(ProjectDependencies) = postProject
		{E2FF92A8-E29E-44E8-8A4F-42A5ADDFC015} = {E2FF92A8-E29E-44E8-8A4F-42A5ADDFC015}
	EndProjectSection
EndProject
Project("{8BC9CEB8-8B4A-11D0-8D11-00A0C91BC942}") = "CodeGen", "CodeGen\CodeGen.vcxproj", "{51CD842E-2AA2-427D-B61B-6850EDFC86C1}"
EndProject
Project("{FAE04EC0-301F-11D3-BF4B-00C04F79EFBC}") = "RenderToyEditor", "RenderToyEditor\RenderToyEditor.csproj", "{8FA0A9A6-20EC-4E3B-AB79-7BEC1AC1742E}"
EndProject
Project("{8BC9CEB8-8B4A-11D0-8D11-00A0C91BC942}") = "ShaderBuilder", "ShaderBuilder\ShaderBuilder.vcxproj", "{79BBA0AE-88EC-4FCF-AB4E-D176594050AC}"
EndProject
Project("{8BC9CEB8-8B4A-11D0-8D11-00A0C91BC942}") = "ResourceCompilerModule", "ResourceCompilerModule\ResourceCompilerModule.vcxproj", "{AD8E00E5-9DDA-448B-8A7D-D63DD8C7252B}"
EndProject
Project("{8BC9CEB8-8B4A-11D0-8D11-00A0C91BC942}") = "ResourceCompilerConsole", "ResourceCompilerConsole\ResourceCompilerConsole.vcxproj", "{DD0926CE-997F-4D1D-A6BB-854B3F0E23C1}"
EndProject
Global
	GlobalSection(SolutionConfigurationPlatforms) = preSolution
		Debug|x64 = Debug|x64
		Release|x64 = Release|x64
	EndGlobalSection
	GlobalSection(ProjectConfigurationPlatforms) = postSolution
		{E2FF92A8-E29E-44E8-8A4F-42A5ADDFC015}.Debug|x64.ActiveCfg = Debug|x64
		{E2FF92A8-E29E-44E8-8A4F-42A5ADDFC015}.Debug|x64.Build.0 = Debug|x64
		{E2FF92A8-E29E-44E8-8A4F-42A5ADDFC015}.Release|x64.ActiveCfg = Release|x64
		{E2FF92A8-E29E-44E8-8A4F-42A5ADDFC015}.Release|x64.Build.0 = Release|x64
		{BB512D32-6AB8-461A-8D3A-8798A21B3727}.Debug|x64.ActiveCfg = Debug|x64
		{BB512D32-6AB8-461A-8D3A-8798A21B3727}.Debug|x64.Build.0 = Debug|x64
		{BB512D32-6AB8-461A-8D3A-8798A21B3727}.Release|x64.ActiveCfg = Release|x64
		{BB512D32-6AB8-461A-8D3A-8798A21B3727}.Release|x64.Build.0 = Release|x64
		{51CD842E-2AA2-427D-B61B-6850EDFC86C1}.Debug|x64.ActiveCfg = Debug|x64
		{51CD842E-2AA2-427D-B61B-6850EDFC86C1}.Debug|x64.Build.0 = Debug|x64
		{51CD842E-2AA2-427D-B61B-6850EDFC86C1}.Release|x64.ActiveCfg = Release|x64
		{51CD842E-2AA2-427D-B61B-6850EDFC86C1}.Release|x64.Build.0 = Release|x64
		{8FA0A9A6-20EC-4E3B-AB79-7BEC1AC1742E}.Debug|x64.ActiveCfg = Debug|Any CPU
		{8FA0A9A6-20EC-4E3B-AB79-7BEC1AC1742E}.Debug|x64.Build.0 = Debug|Any CPU
		{8FA0A9A6-20EC-4E3B-AB79-7BEC1AC1742E}.Release|x64.ActiveCfg = Release|Any CPU
		{8FA0A9A6-20EC-4E3B-AB79-7BEC1AC1742E}.Release|x64.Build.0 = Release|Any CPU
		{79BBA0AE-88EC-4FCF-AB4E-D176594050AC}.Debug|x64.ActiveCfg = Debug|x64
		{79BBA0AE-88EC-4FCF-AB4E-D176594050AC}.Debug|x64.Build.0 = Debug|x64
		{79BBA0AE-88EC-4FCF-AB4E-D176594050AC}.Release|x64.ActiveCfg = Release|x64
		{79BBA0AE-88EC-4FCF-AB4E-D176594050AC}.Release|x64.Build.0 = Release|x64
		{AD8E00E5-9DDA-448B-8A7D-D63DD8C7252B}.Debug|x64.ActiveCfg = Debug|x64
		{AD8E00E5-9DDA-448B-8A7D-D63DD8C7252B}.Debug|x64.Build.0 = Debug|x64
		{AD8E00E5-9DDA-448B-8A7D-D63DD8C7252B}.Release|x64.ActiveCfg = Release|x64
		{AD8E00E5-9DDA-448B-8A7D-D63DD8C7252B}.Release|x64.Build.0 = Release|x64
		{DD0926CE-997F-4D1D-A6BB-854B3F0E23C1}.Debug|x64.ActiveCfg = Debug|x64
		{DD0926CE-997F-4D1D-A6BB-854B3F0E23C1}.Debug|x64.Build.0 = Debug|x64
		{DD0926CE-997F-4D1D-A6BB-854B3F0E23C1}.Release|x64.ActiveCfg = Release|x64
		{DD0926CE-997F-4D1D-A6BB-854B3F0E23C1}.Release|x64.Build.0 = Release|x64
	EndGlobalSection
	GlobalSection(SolutionProperties) = preSolution
		HideSolutionNode = FALSE
	EndGlobalSection
EndGlobal
